
Microsoft Visual Studio Solution File, Format Version 12.00
# Visual Studio Version 17
VisualStudioVersion = 17.2.32616.157
MinimumVisualStudioVersion = 10.0.40219.1
Project("{FAE04EC0-301F-11D3-BF4B-00C04F79EFBC}") = "ArrayOfObjects", "ArrayOfObjects\ArrayOfObjects.csproj", "{E2CFE4B2-181F-4B64-AF00-E0381FCE1E80}"
EndProject
Global
	GlobalSection(SolutionConfigurationPlatforms) = preSolution
		Debug|Any CPU = Debug|Any CPU
		Release|Any CPU = Release|Any CPU
	EndGlobalSection
	GlobalSection(ProjectConfigurationPlatforms) = postSolution
		{E2CFE4B2-181F-4B64-AF00-E0381FCE1E80}.Debug|Any CPU.ActiveCfg = Debug|Any CPU
		{E2CFE4B2-181F-4B64-AF00-E0381FCE1E80}.Debug|Any CPU.Build.0 = Debug|Any CPU
		{E2CFE4B2-181F-4B64-AF00-E0381FCE1E80}.Release|Any CPU.ActiveCfg = Release|Any CPU
		{E2CFE4B2-181F-4B64-AF00-E0381FCE1E80}.Release|Any CPU.Build.0 = Release|Any CPU
	EndGlobalSection
	GlobalSection(SolutionProperties) = preSolution
		HideSolutionNode = FALSE
	EndGlobalSection
	GlobalSection(ExtensibilityGlobals) = postSolution
		SolutionGuid = {0EB8317C-B01A-4A0F-A306-BDFB459A5C13}
	EndGlobalSection
EndGlobal
